
Microsoft Visual Studio Solution File, Format Version 12.00
# Visual Studio Version 17
VisualStudioVersion = 17.14.36408.4
MinimumVisualStudioVersion = 10.0.40219.1
Project("{FAE04EC0-301F-11D3-BF4B-00C04F79EFBC}") = "01_ADO_NET", "01_ADO_NET\01_ADO_NET.csproj", "{2CDF054E-42C9-4849-9892-4E2DE405C6C4}"
EndProject
Project("{FAE04EC0-301F-11D3-BF4B-00C04F79EFBC}") = "TEst", "TEst\TEst.csproj", "{8AFD1051-DA1C-412B-A05F-8032252744A4}"
EndProject
Project("{FAE04EC0-301F-11D3-BF4B-00C04F79EFBC}") = "02_Ado_NET_Sales", "02_Ado_NET_Sales\02_Ado_NET_Sales.csproj", "{EA670C89-5EA6-4102-B4D3-AEDD64402672}"
EndProject
Project("{FAE04EC0-301F-11D3-BF4B-00C04F79EFBC}") = "02_ADO_NET_Desctop", "02_ADO_NET_Desctop\02_ADO_NET_Desctop.csproj", "{7DC51AD1-2AC2-4B65-AD9E-47C6F48CFC66}"
EndProject
Global
	GlobalSection(SolutionConfigurationPlatforms) = preSolution
		Debug|Any CPU = Debug|Any CPU
		Release|Any CPU = Release|Any CPU
	EndGlobalSection
	GlobalSection(ProjectConfigurationPlatforms) = postSolution
		{2CDF054E-42C9-4849-9892-4E2DE405C6C4}.Debug|Any CPU.ActiveCfg = Debug|Any CPU
		{2CDF054E-42C9-4849-9892-4E2DE405C6C4}.Debug|Any CPU.Build.0 = Debug|Any CPU
		{2CDF054E-42C9-4849-9892-4E2DE405C6C4}.Release|Any CPU.ActiveCfg = Release|Any CPU
		{2CDF054E-42C9-4849-9892-4E2DE405C6C4}.Release|Any CPU.Build.0 = Release|Any CPU
		{8AFD1051-DA1C-412B-A05F-8032252744A4}.Debug|Any CPU.ActiveCfg = Debug|Any CPU
		{8AFD1051-DA1C-412B-A05F-8032252744A4}.Debug|Any CPU.Build.0 = Debug|Any CPU
		{8AFD1051-DA1C-412B-A05F-8032252744A4}.Release|Any CPU.ActiveCfg = Release|Any CPU
		{8AFD1051-DA1C-412B-A05F-8032252744A4}.Release|Any CPU.Build.0 = Release|Any CPU
		{EA670C89-5EA6-4102-B4D3-AEDD64402672}.Debug|Any CPU.ActiveCfg = Debug|Any CPU
		{EA670C89-5EA6-4102-B4D3-AEDD64402672}.Debug|Any CPU.Build.0 = Debug|Any CPU
		{EA670C89-5EA6-4102-B4D3-AEDD64402672}.Release|Any CPU.ActiveCfg = Release|Any CPU
		{EA670C89-5EA6-4102-B4D3-AEDD64402672}.Release|Any CPU.Build.0 = Release|Any CPU
		{7DC51AD1-2AC2-4B65-AD9E-47C6F48CFC66}.Debug|Any CPU.ActiveCfg = Debug|Any CPU
		{7DC51AD1-2AC2-4B65-AD9E-47C6F48CFC66}.Debug|Any CPU.Build.0 = Debug|Any CPU
		{7DC51AD1-2AC2-4B65-AD9E-47C6F48CFC66}.Release|Any CPU.ActiveCfg = Release|Any CPU
		{7DC51AD1-2AC2-4B65-AD9E-47C6F48CFC66}.Release|Any CPU.Build.0 = Release|Any CPU
	EndGlobalSection
	GlobalSection(SolutionProperties) = preSolution
		HideSolutionNode = FALSE
	EndGlobalSection
	GlobalSection(ExtensibilityGlobals) = postSolution
		SolutionGuid = {C13B2657-B426-430E-AA6E-D4E0DA993697}
	EndGlobalSection
EndGlobal
